
Microsoft Visual Studio Solution File, Format Version 12.00
# Visual Studio Version 17
VisualStudioVersion = 17.1.32210.238
MinimumVisualStudioVersion = 10.0.40219.1
Project("{2150E333-8FDC-42A3-9474-1A3956D46DE8}") = "src", "src", "{EE2731D1-5E11-4B47-94F5-ACFA803027BC}"
EndProject
Project("{2150E333-8FDC-42A3-9474-1A3956D46DE8}") = "examples", "examples", "{9EB8C0D9-19D2-4962-B3D0-E958B614A1BE}"
EndProject
Project("{9A19103F-16F7-4668-BE54-9A1E7A4F7556}") = "StoryEngine.Core", "src\StoryEngine.Core\StoryEngine.Core.csproj", "{6C941DAA-9852-4C16-AE23-60F1EC0AD76C}"
EndProject
Project("{9A19103F-16F7-4668-BE54-9A1E7A4F7556}") = "StoryEngine.Example", "examples\StoryEngine.Example\StoryEngine.Example.csproj", "{9B068A22-FE61-4121-A87D-A0D959A61876}"
EndProject
Global
	GlobalSection(SolutionConfigurationPlatforms) = preSolution
		Debug|Any CPU = Debug|Any CPU
		Release|Any CPU = Release|Any CPU
	EndGlobalSection
	GlobalSection(ProjectConfigurationPlatforms) = postSolution
		{6C941DAA-9852-4C16-AE23-60F1EC0AD76C}.Debug|Any CPU.ActiveCfg = Debug|Any CPU
		{6C941DAA-9852-4C16-AE23-60F1EC0AD76C}.Debug|Any CPU.Build.0 = Debug|Any CPU
		{6C941DAA-9852-4C16-AE23-60F1EC0AD76C}.Release|Any CPU.ActiveCfg = Release|Any CPU
		{6C941DAA-9852-4C16-AE23-60F1EC0AD76C}.Release|Any CPU.Build.0 = Release|Any CPU
		{9B068A22-FE61-4121-A87D-A0D959A61876}.Debug|Any CPU.ActiveCfg = Debug|Any CPU
		{9B068A22-FE61-4121-A87D-A0D959A61876}.Debug|Any CPU.Build.0 = Debug|Any CPU
		{9B068A22-FE61-4121-A87D-A0D959A61876}.Release|Any CPU.ActiveCfg = Release|Any CPU
		{9B068A22-FE61-4121-A87D-A0D959A61876}.Release|Any CPU.Build.0 = Release|Any CPU
	EndGlobalSection
	GlobalSection(SolutionProperties) = preSolution
		HideSolutionNode = FALSE
	EndGlobalSection
	GlobalSection(NestedProjects) = preSolution
		{6C941DAA-9852-4C16-AE23-60F1EC0AD76C} = {EE2731D1-5E11-4B47-94F5-ACFA803027BC}
		{9B068A22-FE61-4121-A87D-A0D959A61876} = {9EB8C0D9-19D2-4962-B3D0-E958B614A1BE}
	EndGlobalSection
	GlobalSection(ExtensibilityGlobals) = postSolution
		SolutionGuid = {EDDFA2EC-C83F-4A76-B134-FFBA4D4B0733}
	EndGlobalSection
EndGlobal
